
Microsoft Visual Studio Solution File, Format Version 12.00
# Visual Studio Version 17
VisualStudioVersion = 17.1.32421.90
MinimumVisualStudioVersion = 10.0.40219.1
Project("{FAE04EC0-301F-11D3-BF4B-00C04F79EFBC}") = "web-box", "web-box.csproj", "{04E1BAC0-0613-4819-96AD-90D5FC254EFE}"
EndProject
Global
	GlobalSection(SolutionConfigurationPlatforms) = preSolution
		Debug|Any CPU = Debug|Any CPU
		Release|Any CPU = Release|Any CPU
	EndGlobalSection
	GlobalSection(ProjectConfigurationPlatforms) = postSolution
		{04E1BAC0-0613-4819-96AD-90D5FC254EFE}.Debug|Any CPU.ActiveCfg = Debug|Any CPU
		{04E1BAC0-0613-4819-96AD-90D5FC254EFE}.Debug|Any CPU.Build.0 = Debug|Any CPU
		{04E1BAC0-0613-4819-96AD-90D5FC254EFE}.Release|Any CPU.ActiveCfg = Release|Any CPU
		{04E1BAC0-0613-4819-96AD-90D5FC254EFE}.Release|Any CPU.Build.0 = Release|Any CPU
	EndGlobalSection
	GlobalSection(SolutionProperties) = preSolution
		HideSolutionNode = FALSE
	EndGlobalSection
	GlobalSection(ExtensibilityGlobals) = postSolution
		SolutionGuid = {FBF1AFBF-1EC3-4EBD-8BC7-7F84297A441E}
	EndGlobalSection
EndGlobal
